
Microsoft Visual Studio Solution File, Format Version 12.00
# Visual Studio Version 17
VisualStudioVersion = 17.4.33110.190
MinimumVisualStudioVersion = 10.0.40219.1
Project("{FAE04EC0-301F-11D3-BF4B-00C04F79EFBC}") = "Unipam", "Unipam.csproj", "{BD29D6FB-7A15-450D-A9E4-8C24A2353350}"
EndProject
Global
	GlobalSection(SolutionConfigurationPlatforms) = preSolution
		Debug|Any CPU = Debug|Any CPU
		Release|Any CPU = Release|Any CPU
	EndGlobalSection
	GlobalSection(ProjectConfigurationPlatforms) = postSolution
		{BD29D6FB-7A15-450D-A9E4-8C24A2353350}.Debug|Any CPU.ActiveCfg = Debug|Any CPU
		{BD29D6FB-7A15-450D-A9E4-8C24A2353350}.Debug|Any CPU.Build.0 = Debug|Any CPU
		{BD29D6FB-7A15-450D-A9E4-8C24A2353350}.Release|Any CPU.ActiveCfg = Release|Any CPU
		{BD29D6FB-7A15-450D-A9E4-8C24A2353350}.Release|Any CPU.Build.0 = Release|Any CPU
	EndGlobalSection
	GlobalSection(SolutionProperties) = preSolution
		HideSolutionNode = FALSE
	EndGlobalSection
	GlobalSection(ExtensibilityGlobals) = postSolution
		SolutionGuid = {C9D6CB25-24A6-48BB-A754-95EB377F071D}
	EndGlobalSection
EndGlobal
